{
    "_meta": {
        "hash": {
            "sha256": "19c7d8ec24afd4274d4ce059d78927b4efb4b6e3aa314a84324f6ea6320737eb"
        },
        "pipfile-spec": 6,
        "requires": {
            "python_version": "3.8"
        },
        "sources": [
            {
                "name": "pypi",
                "url": "https://pypi.org/simple",
                "verify_ssl": true
            }
        ]
    },
    "default": {
        "click": {
            "hashes": [
                "sha256:d2b5255c7c6349bc1bd1e59e08cd12acbbd63ce649f2588755783aa94dfb6b1a",
                "sha256:dacca89f4bfadd5de3d7489b7c8a566eee0d3676333fbb50030263894c38c0dc"
            ],
            "index": "pypi",
            "version": "==7.1.2"
        },
        "console-menu": {
            "hashes": [
                "sha256:c4dc34a026a064f2b83ce67e698b5608854b7301545fb0a2af63ec7f8bb4936b",
                "sha256:c80d6ad8ebef25092b139dadd6866410e555ac815dfcfdc671af0daafcf7df25"
            ],
            "index": "pypi",
            "version": "==0.6.0"
        },
        "pillow": {
            "hashes": [
                "sha256:011233e0c42a4a7836498e98c1acf5e744c96a67dd5032a6f666cc1fb97eab97",
                "sha256:0f29d831e2151e0b7b39981756d201f7108d3d215896212ffe2e992d06bfe049",
                "sha256:12875d118f21cf35604176872447cdb57b07126750a33748bac15e77f90f1f9c",
                "sha256:14d4b1341ac07ae07eb2cc682f459bec932a380c3b122f5540432d8977e64eae",
                "sha256:1c3c33ac69cf059bbb9d1a71eeaba76781b450bc307e2291f8a4764d779a6b28",
                "sha256:1d19397351f73a88904ad1aee421e800fe4bbcd1aeee6435fb62d0a05ccd1030",
                "sha256:253e8a302a96df6927310a9d44e6103055e8fb96a6822f8b7f514bb7ef77de56",
                "sha256:2632d0f846b7c7600edf53c48f8f9f1e13e62f66a6dbc15191029d950bfed976",
                "sha256:335ace1a22325395c4ea88e00ba3dc89ca029bd66bd5a3c382d53e44f0ccd77e",
                "sha256:413ce0bbf9fc6278b2d63309dfeefe452835e1c78398efb431bab0672fe9274e",
                "sha256:5100b45a4638e3c00e4d2320d3193bdabb2d75e79793af7c3eb139e4f569f16f",
                "sha256:514ceac913076feefbeaf89771fd6febde78b0c4c1b23aaeab082c41c694e81b",
                "sha256:528a2a692c65dd5cafc130de286030af251d2ee0483a5bf50c9348aefe834e8a",
                "sha256:6295f6763749b89c994fcb6d8a7f7ce03c3992e695f89f00b741b4580b199b7e",
                "sha256:6c8bc8238a7dfdaf7a75f5ec5a663f4173f8c367e5a39f87e720495e1eed75fa",
                "sha256:718856856ba31f14f13ba885ff13874be7fefc53984d2832458f12c38205f7f7",
                "sha256:7f7609a718b177bf171ac93cea9fd2ddc0e03e84d8fa4e887bdfc39671d46b00",
                "sha256:80ca33961ced9c63358056bd08403ff866512038883e74f3a4bf88ad3eb66838",
                "sha256:80fe64a6deb6fcfdf7b8386f2cf216d329be6f2781f7d90304351811fb591360",
                "sha256:81c4b81611e3a3cb30e59b0cf05b888c675f97e3adb2c8672c3154047980726b",
                "sha256:855c583f268edde09474b081e3ddcd5cf3b20c12f26e0d434e1386cc5d318e7a",
                "sha256:9bfdb82cdfeccec50aad441afc332faf8606dfa5e8efd18a6692b5d6e79f00fd",
                "sha256:a5d24e1d674dd9d72c66ad3ea9131322819ff86250b30dc5821cbafcfa0b96b4",
                "sha256:a9f44cd7e162ac6191491d7249cceb02b8116b0f7e847ee33f739d7cb1ea1f70",
                "sha256:b5b3f092fe345c03bca1e0b687dfbb39364b21ebb8ba90e3fa707374b7915204",
                "sha256:b9618823bd237c0d2575283f2939655f54d51b4527ec3972907a927acbcc5bfc",
                "sha256:cef9c85ccbe9bee00909758936ea841ef12035296c748aaceee535969e27d31b",
                "sha256:d21237d0cd37acded35154e29aec853e945950321dd2ffd1a7d86fe686814669",
                "sha256:d3c5c79ab7dfce6d88f1ba639b77e77a17ea33a01b07b99840d6ed08031cb2a7",
                "sha256:d9d7942b624b04b895cb95af03a23407f17646815495ce4547f0e60e0b06f58e",
                "sha256:db6d9fac65bd08cea7f3540b899977c6dee9edad959fa4eaf305940d9cbd861c",
                "sha256:ede5af4a2702444a832a800b8eb7f0a7a1c0eed55b644642e049c98d589e5092",
                "sha256:effb7749713d5317478bb3acb3f81d9d7c7f86726d41c1facca068a04cf5bb4c",
                "sha256:f154d173286a5d1863637a7dcd8c3437bb557520b01bddb0be0258dcb72696b5",
                "sha256:f25ed6e28ddf50de7e7ea99d7a976d6a9c415f03adcaac9c41ff6ff41b6d86ac"
            ],
            "index": "pypi",
            "version": "==9.0.1"
        },
        "pypdf2": {
            "hashes": [
                "sha256:7c18c1d48e56547b1c33f772dc15d6adbd1f4020b62e64bb4a0bc0ee2ab94511",
                "sha256:9c81fc06be50fbf2e6199e8c2eac05f3eaafae4b3905ecca41200f5b02ac43d7"
            ],
            "index": "pypi",
            "version": "==1.27.5"
        },
        "qrcode": {
            "hashes": [
                "sha256:3996ee560fc39532910603704c82980ff6d4d5d629f9c3f25f34174ce8606cf5",
                "sha256:505253854f607f2abf4d16092c61d4e9d511a3b4392e60bff957a68592b04369"
            ],
            "index": "pypi",
            "version": "==6.1"
        },
        "reportlab": {
            "hashes": [
                "sha256:07f9d9c0360cb8fc780ca05264faa68b90583cd28dbdf2cda6bda34379b6e66c",
                "sha256:27a831da0d17153e33c985bd7a88307e206c5a28778cddb755d5372598d12637",
                "sha256:289539f7888239343ef7ebcd30c55e6204ef78d5f70e1547fdeb854a2da8bfa1",
                "sha256:3ec70873d99c14570e2a9c44b86c8c01526871e7af5ee4b2855246db15cb0c9f",
                "sha256:46745826657d35f86843487f4bc6f6f805f61260428f8ee13642bf6372f9df55",
                "sha256:4a784ecdf3008f533e5a032b96c395e8592ed5e679baaf5ef4dcc136b01c72e9",
                "sha256:4c42e85851f969e21fa4d6414587b7544e877ce685e2495d7d422589c70b6281",
                "sha256:58bec163f727c1c60515fc4704a961b3b4ccf2c76b4e6ec1a457ea7ed0c2d756",
                "sha256:6f007142f2b166f52cbb3e5d23319e3e496c429831e53b904e6db28c3370f279",
                "sha256:81898de0a0be2c8318468ae0ae1590f828805e9b7fd68e5a50667dce8b942171",
                "sha256:8707cc21a769150154bf4634dca6e9581ae24a05f0fb81a84fcc1143b1cbbfde",
                "sha256:99aeee49a61c85f1af1087e9e418f3d0c2352c4dd0f0abbfac17ae6c467185aa",
                "sha256:9ec95808b742ce70c1dab28b2c5bef9093816b92315b948419c2c6968658f9cc",
                "sha256:b2c7eedb4d19db63301c27ad1076086a099fd4c8ca0a6f62f6e9ed749fa5908f",
                "sha256:b2cf692ae7af995b499a31a3f58f2001d98e310e03f74812bcb97a08078239c0",
                "sha256:b9494986f35d82350b0ce0c29704a49a3945421b789dff92e93fbd3de554fa34",
                "sha256:ba2d10f368c9ea1e76c84b3bb6b9982eb5a8f243c434e821c505b75ca8d85852",
                "sha256:bc62187181582772688d65c557ad6a40a4c3bb8d1f74de463d35ea81983e9b75",
                "sha256:bdf751289efee4891f4f354ce9122da8de8258a40f328b3f11540c4888363337",
                "sha256:c12432575c793b8cd8552fddc219bbf2813541c64d02854ae345a108fb875b9d",
                "sha256:cdf8ff72cd6fa9303744c8409fb81ef7720da2e034c369762c2fdf496462179e",
                "sha256:d810bffd4bcd50fdcb2bab0d1fe9ea4e6187ed5237687e41c6ade6c884b00c1e",
                "sha256:d8fefd07072bfae2715283a821fb1acf8fc4946cf925509d5cc2af791c611809",
                "sha256:d92834993bf998853a04946729266a3276965e7b13f7423212f1c1abdfc4a1c7",
                "sha256:ee711804acdaf3ea7f0f2cd27f19478af993e730df8c8d923a678eb0e2572fba",
                "sha256:f0634740b099b69caed081acd89692996b5504c59f86f39781b6bebc82b267f5",
                "sha256:f92388e30bf6b5d2eceb3d7b05ee2df856635f74ce7d950a8f45d2b70c685a5b",
                "sha256:fd6712a8a6dca12181a3a12316f97810927861e77f2a98029efd2c5cfc8546dc",
                "sha256:fe5d98cdac07dd702bcd49f5723aacdd0af8c84d70fc82a5cc3781e52aedad52"
            ],
            "index": "pypi",
            "version": "==3.5.65"
        },
        "rocketqr": {
            "editable": true,
            "path": "."
        },
        "sanitized-package": {
            "editable": true,
            "path": "."
        },
        "six": {
            "hashes": [
                "sha256:30639c035cdb23534cd4aa2dd52c3bf48f06e5f4a941509c8bafd8ce11080259",
                "sha256:8b74bedcbbbaca38ff6d7491d76f2b06b3592611af620f8426e82dddb04a5ced"
            ],
            "index": "pypi",
            "version": "==1.15.0"
        }
    },
    "develop": {}
}
