{
    "_meta": {
        "hash": {
            "sha256": "19c7d8ec24afd4274d4ce059d78927b4efb4b6e3aa314a84324f6ea6320737eb"
        },
        "pipfile-spec": 6,
        "requires": {
            "python_version": "3.8"
        },
        "sources": [
            {
                "name": "pypi",
                "url": "https://pypi.org/simple",
                "verify_ssl": true
            }
        ]
    },
    "default": {
        "click": {
            "hashes": [
                "sha256:d2b5255c7c6349bc1bd1e59e08cd12acbbd63ce649f2588755783aa94dfb6b1a",
                "sha256:dacca89f4bfadd5de3d7489b7c8a566eee0d3676333fbb50030263894c38c0dc"
            ],
            "index": "pypi",
            "version": "==7.1.2"
        },
        "console-menu": {
            "hashes": [
                "sha256:c4dc34a026a064f2b83ce67e698b5608854b7301545fb0a2af63ec7f8bb4936b",
                "sha256:c80d6ad8ebef25092b139dadd6866410e555ac815dfcfdc671af0daafcf7df25"
            ],
            "index": "pypi",
            "version": "==0.6.0"
        },
        "pillow": {
            "hashes": [
                "sha256:03150abd92771742d4a8cd6f2fa6246d847dcd2e332a18d0c15cc75bf6703040",
                "sha256:073adb2ae23431d3b9bcbcff3fe698b62ed47211d0716b067385538a1b0f28b8",
                "sha256:0b07fffc13f474264c336298d1b4ce01d9c5a011415b79d4ee5527bb69ae6f65",
                "sha256:0b7257127d646ff8676ec8a15520013a698d1fdc48bc2a79ba4e53df792526f2",
                "sha256:12ce4932caf2ddf3e41d17fc9c02d67126935a44b86df6a206cf0d7161548627",
                "sha256:15c42fb9dea42465dfd902fb0ecf584b8848ceb28b41ee2b58f866411be33f07",
                "sha256:18498994b29e1cf86d505edcb7edbe814d133d2232d256db8c7a8ceb34d18cef",
                "sha256:1c7c8ae3864846fc95f4611c78129301e203aaa2af813b703c55d10cc1628535",
                "sha256:22b012ea2d065fd163ca096f4e37e47cd8b59cf4b0fd47bfca6abb93df70b34c",
                "sha256:276a5ca930c913f714e372b2591a22c4bd3b81a418c0f6635ba832daec1cbcfc",
                "sha256:2e0918e03aa0c72ea56edbb00d4d664294815aa11291a11504a377ea018330d3",
                "sha256:3033fbe1feb1b59394615a1cafaee85e49d01b51d54de0cbf6aa8e64182518a1",
                "sha256:3168434d303babf495d4ba58fc22d6604f6e2afb97adc6a423e917dab828939c",
                "sha256:32a44128c4bdca7f31de5be641187367fe2a450ad83b833ef78910397db491aa",
                "sha256:3dd6caf940756101205dffc5367babf288a30043d35f80936f9bfb37f8355b32",
                "sha256:40e1ce476a7804b0fb74bcfa80b0a2206ea6a882938eaba917f7a0f004b42502",
                "sha256:41e0051336807468be450d52b8edd12ac60bebaa97fe10c8b660f116e50b30e4",
                "sha256:4390e9ce199fc1951fcfa65795f239a8a4944117b5935a9317fb320e7767b40f",
                "sha256:502526a2cbfa431d9fc2a079bdd9061a2397b842bb6bc4239bb176da00993812",
                "sha256:51e0e543a33ed92db9f5ef69a0356e0b1a7a6b6a71b80df99f1d181ae5875636",
                "sha256:57751894f6618fd4308ed8e0c36c333e2f5469744c34729a27532b3db106ee20",
                "sha256:5d77adcd56a42d00cc1be30843d3426aa4e660cab4a61021dc84467123f7a00c",
                "sha256:655a83b0058ba47c7c52e4e2df5ecf484c1b0b0349805896dd350cbc416bdd91",
                "sha256:68943d632f1f9e3dce98908e873b3a090f6cba1cbb1b892a9e8d97c938871fbe",
                "sha256:6c738585d7a9961d8c2821a1eb3dcb978d14e238be3d70f0a706f7fa9316946b",
                "sha256:73bd195e43f3fadecfc50c682f5055ec32ee2c933243cafbfdec69ab1aa87cad",
                "sha256:772a91fc0e03eaf922c63badeca75e91baa80fe2f5f87bdaed4280662aad25c9",
                "sha256:77ec3e7be99629898c9a6d24a09de089fa5356ee408cdffffe62d67bb75fdd72",
                "sha256:7db8b751ad307d7cf238f02101e8e36a128a6cb199326e867d1398067381bff4",
                "sha256:801ec82e4188e935c7f5e22e006d01611d6b41661bba9fe45b60e7ac1a8f84de",
                "sha256:82409ffe29d70fd733ff3c1025a602abb3e67405d41b9403b00b01debc4c9a29",
                "sha256:828989c45c245518065a110434246c44a56a8b2b2f6347d1409c787e6e4651ee",
                "sha256:829f97c8e258593b9daa80638aee3789b7df9da5cf1336035016d76f03b8860c",
                "sha256:871b72c3643e516db4ecf20efe735deb27fe30ca17800e661d769faab45a18d7",
                "sha256:89dca0ce00a2b49024df6325925555d406b14aa3efc2f752dbb5940c52c56b11",
                "sha256:90fb88843d3902fe7c9586d439d1e8c05258f41da473952aa8b328d8b907498c",
                "sha256:97aabc5c50312afa5e0a2b07c17d4ac5e865b250986f8afe2b02d772567a380c",
                "sha256:9aaa107275d8527e9d6e7670b64aabaaa36e5b6bd71a1015ddd21da0d4e06448",
                "sha256:9f47eabcd2ded7698106b05c2c338672d16a6f2a485e74481f524e2a23c2794b",
                "sha256:a0a06a052c5f37b4ed81c613a455a81f9a3a69429b4fd7bb913c3fa98abefc20",
                "sha256:ab388aaa3f6ce52ac1cb8e122c4bd46657c15905904b3120a6248b5b8b0bc228",
                "sha256:ad58d27a5b0262c0c19b47d54c5802db9b34d38bbf886665b626aff83c74bacd",
                "sha256:ae5331c23ce118c53b172fa64a4c037eb83c9165aba3a7ba9ddd3ec9fa64a699",
                "sha256:af0372acb5d3598f36ec0914deed2a63f6bcdb7b606da04dc19a88d31bf0c05b",
                "sha256:afa4107d1b306cdf8953edde0534562607fe8811b6c4d9a486298ad31de733b2",
                "sha256:b03ae6f1a1878233ac620c98f3459f79fd77c7e3c2b20d460284e1fb370557d4",
                "sha256:b0915e734b33a474d76c28e07292f196cdf2a590a0d25bcc06e64e545f2d146c",
                "sha256:b4012d06c846dc2b80651b120e2cdd787b013deb39c09f407727ba90015c684f",
                "sha256:b472b5ea442148d1c3e2209f20f1e0bb0eb556538690fa70b5e1f79fa0ba8dc2",
                "sha256:b59430236b8e58840a0dfb4099a0e8717ffb779c952426a69ae435ca1f57210c",
                "sha256:b90f7616ea170e92820775ed47e136208e04c967271c9ef615b6fbd08d9af0e3",
                "sha256:b9a65733d103311331875c1dca05cb4606997fd33d6acfed695b1232ba1df193",
                "sha256:bac18ab8d2d1e6b4ce25e3424f709aceef668347db8637c2296bcf41acb7cf48",
                "sha256:bca31dd6014cb8b0b2db1e46081b0ca7d936f856da3b39744aef499db5d84d02",
                "sha256:be55f8457cd1eac957af0c3f5ece7bc3f033f89b114ef30f710882717670b2a8",
                "sha256:c7025dce65566eb6e89f56c9509d4f628fddcedb131d9465cacd3d8bac337e7e",
                "sha256:c935a22a557a560108d780f9a0fc426dd7459940dc54faa49d83249c8d3e760f",
                "sha256:dbb8e7f2abee51cef77673be97760abff1674ed32847ce04b4af90f610144c7b",
                "sha256:e6ea6b856a74d560d9326c0f5895ef8050126acfdc7ca08ad703eb0081e82b74",
                "sha256:ebf2029c1f464c59b8bdbe5143c79fa2045a581ac53679733d3a91d400ff9efb",
                "sha256:f1ff2ee69f10f13a9596480335f406dd1f70c3650349e2be67ca3139280cade0"
            ],
            "index": "pypi",
            "version": "==9.3.0"
        },
        "pypdf2": {
            "hashes": [
                "sha256:5e29ffaf2efcfb77c25206e3b8df517a18af84e64ebe1b3a93abac8d01176374",
                "sha256:5f7937fd94ba387a2a241db8858770e53091d8ffab9922512c0bf48e3f4cc615"
            ],
            "index": "pypi",
            "version": "==1.27.9"
        },
        "qrcode": {
            "hashes": [
                "sha256:3996ee560fc39532910603704c82980ff6d4d5d629f9c3f25f34174ce8606cf5",
                "sha256:505253854f607f2abf4d16092c61d4e9d511a3b4392e60bff957a68592b04369"
            ],
            "index": "pypi",
            "version": "==6.1"
        },
        "reportlab": {
            "hashes": [
                "sha256:0b94e4f65a5f77a631cc010c9a7892d69e33f3251b760639dcc76420e138ce95",
                "sha256:11a71c314183532d889ad4b3941f61c3fe4bfdda769c768a7f02d93cb69dd1bb",
                "sha256:149718c3eaee937f28094325f0dd9ae1add3172c2dacbb93ff5403f37c9d3c57",
                "sha256:21d6b6bcdecee9c7ce047156d0553a30d736b8172629e4c0fcacab35ba261f3b",
                "sha256:269c59e508df08be498ab9e5278addb2cc16989677a03f800b17f8a31f8c5cc7",
                "sha256:36568d3cb4101a210c4d821d9101635c2ef6e06bd649335938c01eb197f50c5d",
                "sha256:3cb0da4975dbade6cc2ea6b0b0b17578af266dc3f669e959648f3306af993369",
                "sha256:48eadd93237c7e2739525c74cf6615dd6c1a767c839f4b0d7c12167dc0b09911",
                "sha256:57add04824bca89a130f9d428ace1b003cce4061386e0ec2a1b45b554ffe7aa3",
                "sha256:58ea3471b9b4b8e7952bd357e8487789da11213470be328ffb3e5b7d7690c2c7",
                "sha256:5a460f4c0c30bdf9d7bef46a816671a4386a9253670a53d35c694c666544261f",
                "sha256:6172481e8acffcf72042653e977281fbd807a41705a39456d92d2606d8b8c5e2",
                "sha256:65b441e22d8fe93154567a30662d8539e639b78142815afcaf92b388846eb3c1",
                "sha256:6ea46fef07c588fef84d1164d4788fef322b39feb2bfb2df0a0706181dff79b8",
                "sha256:6f75d33f7a3720cf47371ab63ced0f0ebd1aeb6db19386ae92f8977a09be9611",
                "sha256:6fdac930dfdc6227720545ec44fdb396e92d53ec227a6f5ae58cc8cb9a6cbe89",
                "sha256:701290747662d2b3be49fc0de33898ecc9ce3fafe0e2887d406e24693465e5ae",
                "sha256:753485bb2b18cbd11340e227e4aaf9bde3bb64f83406dfa011e92ad0231a42c9",
                "sha256:7b690bc30f58931b0abd47635d93a43a82d67972e83a6511cc8adbcd7da25310",
                "sha256:7efdf68e97e8fea8683bfc17f25747fefbda729b9018bc2e3221658ac41ee0bd",
                "sha256:7ff89011b5ee30209b3106641e3b7b4959f10aa6e9d6f3030205123c178f605d",
                "sha256:8260c002e4845a5af65908d5ee2099bcc25a16c7646c5c417fa27f1e4b844bc1",
                "sha256:8e4983486d419daa45cade40874bb869976e27ba11f77fb4b9ae32417284ade7",
                "sha256:8f00175f8e12e6f7d3a01309de6d7008fac94a2cdce6837ad066f0961472c9e5",
                "sha256:9f869286fcefa7f8e89e38448309891ff110ad74f58a7317ec204f3d4b8ad5f5",
                "sha256:a0330322c6c8123745ac7667fcc6ae3e0de3b73c15bdfaa28c788a9eaa0f50da",
                "sha256:a043cff1781ddb2a0ba0e8e760a79fc5be2430957c4f2a1f51bd4528cc53178f",
                "sha256:a477f652e6c417ad40387a8498d9ad827421006f156aab16f67adc9b81699a72",
                "sha256:a4dbc28fede7f504b9ac65ce9cbea35585e999d63f9fa68bc73f5a75b4929302",
                "sha256:afb418409e0d323c6cb5e3be7ea4d14dfbf8a07eb03ab0b0062904cacf819878",
                "sha256:b0d91663d450c11404ec189ebc5a4abdf20f7c4eca5954a920427cdbf5601525",
                "sha256:ba6f533b262f4ee1636b754992bb2fb349df0500d765ac9be014a375c047f4db",
                "sha256:bbdbba1ec3498b17eefca14d424ee90bb95b53e1423ecb22f1c17733c3406559",
                "sha256:ca8eb7a6607f8a664187a330bab9f8d11c9f81ed885e063dfbb29a130944a72a",
                "sha256:cca2d4c783f985b91b98e80d09ac79b6ed3f317a729cba5ba86edfe5eb9a2d9c",
                "sha256:d59e62faa03003be81aa14d37ac34ea110e5ac59c8678fd4c0daa7d8b8f42096",
                "sha256:d95fc8bc177a009053548c6d851a513b2147c465a5e8fea82287ea22d6825c4e",
                "sha256:dbddadca6f08212732e83a60e30a42cfc7d2695892cedea208b3c3e7131c9993",
                "sha256:e13a4e81761636591f5b60104f6e1eec70832ffd9aa781db68d7ebb576970d4b",
                "sha256:e28a8d9cf462e2b4c9e71abd0630f9ec245d88b976b283b0dbb4602c9ddb3938",
                "sha256:e5949f3b4e207fa7901c0cc3b49470b2a3372617a47dfbc892db31c2b56af296",
                "sha256:e98965c6e60d76ff63989d9400ae8e65efd67c665d785b377f438f166a57c053",
                "sha256:f1993a68c0edc45895d3df350d01b0456efe79aaf309cef777762742be501f2a",
                "sha256:faeebde62f0f6ad86985bec5685411260393d2eb7ba907972da56af586b644e8",
                "sha256:ff09a0a1e5cef05309ac09dfc5185e8151d927bcf45470d2f540c96260f8a355"
            ],
            "index": "pypi",
            "version": "==3.6.13"
        },
        "rocketqr": {
            "editable": true,
            "path": "."
        },
        "sanitized-package": {
            "editable": true,
            "path": "."
        },
        "six": {
            "hashes": [
                "sha256:30639c035cdb23534cd4aa2dd52c3bf48f06e5f4a941509c8bafd8ce11080259",
                "sha256:8b74bedcbbbaca38ff6d7491d76f2b06b3592611af620f8426e82dddb04a5ced"
            ],
            "index": "pypi",
            "version": "==1.15.0"
        }
    },
    "develop": {}
}
